
Microsoft Visual Studio Solution File, Format Version 12.00
# Visual Studio Version 16
VisualStudioVersion = 16.0.31321.278
MinimumVisualStudioVersion = 10.0.40219.1
Project("{FAE04EC0-301F-11D3-BF4B-00C04F79EFBC}") = "抖音采集", "抖音采集.csproj", "{9865EEA2-D835-419C-957D-31949EA3B2E3}"
EndProject
Global
	GlobalSection(SolutionConfigurationPlatforms) = preSolution
		Debug|Any CPU = Debug|Any CPU
		Release|Any CPU = Release|Any CPU
	EndGlobalSection
	GlobalSection(ProjectConfigurationPlatforms) = postSolution
		{9865EEA2-D835-419C-957D-31949EA3B2E3}.Debug|Any CPU.ActiveCfg = Debug|Any CPU
		{9865EEA2-D835-419C-957D-31949EA3B2E3}.Debug|Any CPU.Build.0 = Debug|Any CPU
		{9865EEA2-D835-419C-957D-31949EA3B2E3}.Release|Any CPU.ActiveCfg = Release|Any CPU
		{9865EEA2-D835-419C-957D-31949EA3B2E3}.Release|Any CPU.Build.0 = Release|Any CPU
	EndGlobalSection
	GlobalSection(SolutionProperties) = preSolution
		HideSolutionNode = FALSE
	EndGlobalSection
	GlobalSection(ExtensibilityGlobals) = postSolution
		SolutionGuid = {85D6E497-4A23-41DD-A9DF-C999F135BE59}
	EndGlobalSection
EndGlobal
